
Microsoft Visual Studio Solution File, Format Version 12.00
# Visual Studio Version 17
VisualStudioVersion = 17.6.33801.468
MinimumVisualStudioVersion = 10.0.40219.1
Project("{FAE04EC0-301F-11D3-BF4B-00C04F79EFBC}") = "ProyectoBarRestaurant", "ProyectoBarRestaurant.csproj", "{A14679E8-486D-42BE-AC5E-3FBC9A5C0B46}"
EndProject
Project("{54435603-DBB4-11D2-8724-00A0C9A8B90C}") = "InstallerProyecto", "..\InstallerProyecto\InstallerProyecto.vdproj", "{3B250CDA-5A00-46B2-A820-D16053CE1F89}"
EndProject
Global
	GlobalSection(SolutionConfigurationPlatforms) = preSolution
		Debug|Any CPU = Debug|Any CPU
		Release|Any CPU = Release|Any CPU
	EndGlobalSection
	GlobalSection(ProjectConfigurationPlatforms) = postSolution
		{A14679E8-486D-42BE-AC5E-3FBC9A5C0B46}.Debug|Any CPU.ActiveCfg = Debug|Any CPU
		{A14679E8-486D-42BE-AC5E-3FBC9A5C0B46}.Debug|Any CPU.Build.0 = Debug|Any CPU
		{A14679E8-486D-42BE-AC5E-3FBC9A5C0B46}.Release|Any CPU.ActiveCfg = Release|Any CPU
		{A14679E8-486D-42BE-AC5E-3FBC9A5C0B46}.Release|Any CPU.Build.0 = Release|Any CPU
		{3B250CDA-5A00-46B2-A820-D16053CE1F89}.Debug|Any CPU.ActiveCfg = Debug
		{3B250CDA-5A00-46B2-A820-D16053CE1F89}.Release|Any CPU.ActiveCfg = Release
	EndGlobalSection
	GlobalSection(SolutionProperties) = preSolution
		HideSolutionNode = FALSE
	EndGlobalSection
	GlobalSection(ExtensibilityGlobals) = postSolution
		SolutionGuid = {D5B03620-2138-478E-A400-598FA8186E9B}
	EndGlobalSection
EndGlobal
